github.com/Sahiba31/called v0.0.0-20211124075836-a69f673625d5 h1:8fOheKhEtU1zgf9ViVRJ2uhx0zpTrgiyAvf6D6ScYns=
github.com/Sahiba31/called v0.0.0-20211124075836-a69f673625d5/go.mod h1:7PJOpoxSyfowQv3/N8SOGOHPmmryEGU9grgAQeMeeZU=
github.com/Sahiba31/called v0.0.0-20211124080525-c6112d2152ab h1:Nr5F2TmoYNxAuvactVcBzZx8NGU1SlDFa4uI399Gw28=
github.com/Sahiba31/called v0.0.0-20211124080525-c6112d2152ab/go.mod h1:7PJOpoxSyfowQv3/N8SOGOHPmmryEGU9grgAQeMeeZU=
github.com/Sahiba31/called v0.0.0-20211124081223-cde2417dac92 h1:mXJCEC5LyYHRzFq8DDCocpHGeg5HzMWHT/jEK+j43aY=
github.com/Sahiba31/called v0.0.0-20211124081223-cde2417dac92/go.mod h1:7PJOpoxSyfowQv3/N8SOGOHPmmryEGU9grgAQeMeeZU=
github.com/Sahiba31/called v0.0.0-20211124082021-0614730c60bf h1:1Z94fterRkgaCnX+lWxfFkoQtW0gw9HuOEcNzjJyN40=
github.com/Sahiba31/called v0.0.0-20211124082021-0614730c60bf/go.mod h1:7PJOpoxSyfowQv3/N8SOGOHPmmryEGU9grgAQeMeeZU=
